Microsoft Visual Studio Solution File, Format Version 11.00
# Visual Studio 2010
Project("{8BC9CEB8-8B4A-11D0-8D11-00A0C91BC942}") = "my_target", "my_target.vcxproj", "{A8B15560-01D0-DEAC-9441-BA5F3B22A7BC}"
EndProject
Project("{8BC9CEB8-8B4A-11D0-8D11-00A0C91BC942}") = "CPlusPlus", "Examples\CPlusPlus\CPlusPlus.vcxproj", "{AA66422B-5D3E-415D-8D4E-592A01398158}"
EndProject
Project("{FAE04EC0-301F-11D3-BF4B-00C04F79EFBC}") = "CSharp", "Examples\CSharp\CSharp.csproj", "{05DFC553-F091-4125-ACAF-957BE5F2294A}"
EndProject
Global
	GlobalSection(SolutionConfigurationPlatforms) = preSolution
		Debug|Mixed Platforms = Debug|Mixed Platforms
		Debug|Win32 = Debug|Win32
		Debug|x86 = Debug|x86
		Default|Mixed Platforms = Default|Mixed Platforms
		Default|Win32 = Default|Win32
		Default|x86 = Default|x86
		Release|Mixed Platforms = Release|Mixed Platforms
		Release|Win32 = Release|Win32
		Release|x86 = Release|x86
	EndGlobalSection
	GlobalSection(ProjectConfigurationPlatforms) = postSolution
		{A8B15560-01D0-DEAC-9441-BA5F3B22A7BC}.Debug|Mixed Platforms.ActiveCfg = Default|Win32
		{A8B15560-01D0-DEAC-9441-BA5F3B22A7BC}.Debug|Mixed Platforms.Build.0 = Default|Win32
		{A8B15560-01D0-DEAC-9441-BA5F3B22A7BC}.Debug|Win32.ActiveCfg = Default|Win32
		{A8B15560-01D0-DEAC-9441-BA5F3B22A7BC}.Debug|Win32.Build.0 = Default|Win32
		{A8B15560-01D0-DEAC-9441-BA5F3B22A7BC}.Debug|x86.ActiveCfg = Default|Win32
		{A8B15560-01D0-DEAC-9441-BA5F3B22A7BC}.Default|Mixed Platforms.ActiveCfg = Default|Win32
		{A8B15560-01D0-DEAC-9441-BA5F3B22A7BC}.Default|Mixed Platforms.Build.0 = Default|Win32
		{A8B15560-01D0-DEAC-9441-BA5F3B22A7BC}.Default|Win32.ActiveCfg = Default|Win32
		{A8B15560-01D0-DEAC-9441-BA5F3B22A7BC}.Default|Win32.Build.0 = Default|Win32
		{A8B15560-01D0-DEAC-9441-BA5F3B22A7BC}.Default|x86.ActiveCfg = Default|Win32
		{A8B15560-01D0-DEAC-9441-BA5F3B22A7BC}.Release|Mixed Platforms.ActiveCfg = Default|Win32
		{A8B15560-01D0-DEAC-9441-BA5F3B22A7BC}.Release|Mixed Platforms.Build.0 = Default|Win32
		{A8B15560-01D0-DEAC-9441-BA5F3B22A7BC}.Release|Win32.ActiveCfg = Default|Win32
		{A8B15560-01D0-DEAC-9441-BA5F3B22A7BC}.Release|Win32.Build.0 = Default|Win32
		{A8B15560-01D0-DEAC-9441-BA5F3B22A7BC}.Release|x86.ActiveCfg = Default|Win32
		{AA66422B-5D3E-415D-8D4E-592A01398158}.Debug|Mixed Platforms.ActiveCfg = Debug|Win32
		{AA66422B-5D3E-415D-8D4E-592A01398158}.Debug|Mixed Platforms.Build.0 = Debug|Win32
		{AA66422B-5D3E-415D-8D4E-592A01398158}.Debug|Win32.ActiveCfg = Debug|Win32
		{AA66422B-5D3E-415D-8D4E-592A01398158}.Debug|Win32.Build.0 = Debug|Win32
		{AA66422B-5D3E-415D-8D4E-592A01398158}.Debug|x86.ActiveCfg = Debug|Win32
		{AA66422B-5D3E-415D-8D4E-592A01398158}.Default|Mixed Platforms.ActiveCfg = Debug|Win32
		{AA66422B-5D3E-415D-8D4E-592A01398158}.Default|Mixed Platforms.Build.0 = Debug|Win32
		{AA66422B-5D3E-415D-8D4E-592A01398158}.Default|Win32.ActiveCfg = Debug|Win32
		{AA66422B-5D3E-415D-8D4E-592A01398158}.Default|Win32.Build.0 = Debug|Win32
		{AA66422B-5D3E-415D-8D4E-592A01398158}.Default|x86.ActiveCfg = Debug|Win32
		{AA66422B-5D3E-415D-8D4E-592A01398158}.Release|Mixed Platforms.ActiveCfg = Release|Win32
		{AA66422B-5D3E-415D-8D4E-592A01398158}.Release|Mixed Platforms.Build.0 = Release|Win32
		{AA66422B-5D3E-415D-8D4E-592A01398158}.Release|Win32.ActiveCfg = Release|Win32
		{AA66422B-5D3E-415D-8D4E-592A01398158}.Release|Win32.Build.0 = Release|Win32
		{AA66422B-5D3E-415D-8D4E-592A01398158}.Release|x86.ActiveCfg = Release|Win32
		{05DFC553-F091-4125-ACAF-957BE5F2294A}.Debug|Mixed Platforms.ActiveCfg = Debug|x86
		{05DFC553-F091-4125-ACAF-957BE5F2294A}.Debug|Mixed Platforms.Build.0 = Debug|x86
		{05DFC553-F091-4125-ACAF-957BE5F2294A}.Debug|Win32.ActiveCfg = Debug|x86
		{05DFC553-F091-4125-ACAF-957BE5F2294A}.Debug|x86.ActiveCfg = Debug|x86
		{05DFC553-F091-4125-ACAF-957BE5F2294A}.Debug|x86.Build.0 = Debug|x86
		{05DFC553-F091-4125-ACAF-957BE5F2294A}.Default|Mixed Platforms.ActiveCfg = Debug|x86
		{05DFC553-F091-4125-ACAF-957BE5F2294A}.Default|Mixed Platforms.Build.0 = Debug|x86
		{05DFC553-F091-4125-ACAF-957BE5F2294A}.Default|Win32.ActiveCfg = Debug|x86
		{05DFC553-F091-4125-ACAF-957BE5F2294A}.Default|x86.ActiveCfg = Debug|x86
		{05DFC553-F091-4125-ACAF-957BE5F2294A}.Default|x86.Build.0 = Debug|x86
		{05DFC553-F091-4125-ACAF-957BE5F2294A}.Release|Mixed Platforms.ActiveCfg = Release|x86
		{05DFC553-F091-4125-ACAF-957BE5F2294A}.Release|Mixed Platforms.Build.0 = Release|x86
		{05DFC553-F091-4125-ACAF-957BE5F2294A}.Release|Win32.ActiveCfg = Release|x86
		{05DFC553-F091-4125-ACAF-957BE5F2294A}.Release|x86.ActiveCfg = Release|x86
		{05DFC553-F091-4125-ACAF-957BE5F2294A}.Release|x86.Build.0 = Release|x86
	EndGlobalSection
	GlobalSection(SolutionProperties) = preSolution
		HideSolutionNode = FALSE
	EndGlobalSection
EndGlobal
